
Microsoft Visual Studio Solution File, Format Version 12.00
# Visual Studio 14
VisualStudioVersion = 14.0.24720.0
MinimumVisualStudioVersion = 10.0.40219.1
Project("{FAE04EC0-301F-11D3-BF4B-00C04F79EFBC}") = "HomeGenie", "HomeGenie\HomeGenie.csproj", "{B1FB7188-EA8E-4080-9299-C45BC7D7C514}"
EndProject
Project("{2150E333-8FDC-42A3-9474-1A3956D46DE8}") = "PublishScripts", "PublishScripts", "{2B4751EB-B533-4187-9E0C-41159631A8CD}"
EndProject
Project("{2150E333-8FDC-42A3-9474-1A3956D46DE8}") = "Scripts", "Scripts", "{18FBAFA6-8094-4077-BC92-0BDB50077A4C}"
EndProject
Project("{2150E333-8FDC-42A3-9474-1A3956D46DE8}") = "Templates", "Templates", "{A371721D-51C4-4BEC-AEA8-33C256F21062}"
	ProjectSection(SolutionItems) = preProject
		PublishScripts\Templates\HomeGenie.json = PublishScripts\Templates\HomeGenie.json
		PublishScripts\Templates\HomeGenie.param.dev.json = PublishScripts\Templates\HomeGenie.param.dev.json
	EndProjectSection
EndProject
Global
	GlobalSection(SolutionConfigurationPlatforms) = preSolution
		Debug|Any CPU = Debug|Any CPU
		Release|Any CPU = Release|Any CPU
	EndGlobalSection
	GlobalSection(ProjectConfigurationPlatforms) = postSolution
		{B1FB7188-EA8E-4080-9299-C45BC7D7C514}.Debug|Any CPU.ActiveCfg = Debug|Any CPU
		{B1FB7188-EA8E-4080-9299-C45BC7D7C514}.Debug|Any CPU.Build.0 = Debug|Any CPU
		{B1FB7188-EA8E-4080-9299-C45BC7D7C514}.Release|Any CPU.ActiveCfg = Release|Any CPU
		{B1FB7188-EA8E-4080-9299-C45BC7D7C514}.Release|Any CPU.Build.0 = Release|Any CPU
	EndGlobalSection
	GlobalSection(SolutionProperties) = preSolution
		HideSolutionNode = FALSE
	EndGlobalSection
	GlobalSection(NestedProjects) = preSolution
		{18FBAFA6-8094-4077-BC92-0BDB50077A4C} = {2B4751EB-B533-4187-9E0C-41159631A8CD}
		{A371721D-51C4-4BEC-AEA8-33C256F21062} = {2B4751EB-B533-4187-9E0C-41159631A8CD}
	EndGlobalSection
EndGlobal
